
Microsoft Visual Studio Solution File, Format Version 12.00
# Visual Studio Version 17
VisualStudioVersion = 17.4.33213.308
MinimumVisualStudioVersion = 10.0.40219.1
Project("{FAE04EC0-301F-11D3-BF4B-00C04F79EFBC}") = "THERIDEURENT1", "THERIDEURENT1\THERIDEURENT1.csproj", "{5067ED8C-498B-4F43-A119-8343E735BEE3}"
EndProject
Global
	GlobalSection(SolutionConfigurationPlatforms) = preSolution
		Debug|Any CPU = Debug|Any CPU
		Release|Any CPU = Release|Any CPU
	EndGlobalSection
	GlobalSection(ProjectConfigurationPlatforms) = postSolution
		{5067ED8C-498B-4F43-A119-8343E735BEE3}.Debug|Any CPU.ActiveCfg = Debug|Any CPU
		{5067ED8C-498B-4F43-A119-8343E735BEE3}.Debug|Any CPU.Build.0 = Debug|Any CPU
		{5067ED8C-498B-4F43-A119-8343E735BEE3}.Release|Any CPU.ActiveCfg = Release|Any CPU
		{5067ED8C-498B-4F43-A119-8343E735BEE3}.Release|Any CPU.Build.0 = Release|Any CPU
	EndGlobalSection
	GlobalSection(SolutionProperties) = preSolution
		HideSolutionNode = FALSE
	EndGlobalSection
	GlobalSection(ExtensibilityGlobals) = postSolution
		SolutionGuid = {CE33E8C7-BD3F-42A9-93C1-77CE4B1F471A}
	EndGlobalSection
EndGlobal
